// !$*UTF8*$!
{
	archiveVersion = 1;
	classes = {
	};
	objectVersion = 46;
	objects = {

/* Begin PBXBuildFile section */
		D8EA55731D21E9D7003979E3 /* Level2.sks in Resources */ = {isa = PBXBuildFile; fileRef = D8EA55721D21E9D7003979E3 /* Level2.sks */; };
		D8EFD2491D0D0E6800C666CE /* Bear.sks in Resources */ = {isa = PBXBuildFile; fileRef = D8EFD2481D0D0E6800C666CE /* Bear.sks */; };
		D8EFD24B1D0D107500C666CE /* CharacterActions.sks in Resources */ = {isa = PBXBuildFile; fileRef = D8EFD24A1D0D107500C666CE /* CharacterActions.sks */; };
		D8EFD24D1D0DBC1400C666CE /* Penguin.sks in Resources */ = {isa = PBXBuildFile; fileRef = D8EFD24C1D0DBC1400C666CE /* Penguin.sks */; };
		D8EFD2511D0DBEC800C666CE /* MSReferenceNode.swift in Sources */ = {isa = PBXBuildFile; fileRef = D8EFD2501D0DBEC800C666CE /* MSReferenceNode.swift */; };
		D8EFD2531D0DBF3000C666CE /* Seal.sks in Resources */ = {isa = PBXBuildFile; fileRef = D8EFD2521D0DBF3000C666CE /* Seal.sks */; };
		D8EFD2551D0DC6A500C666CE /* MainMenu.sks in Resources */ = {isa = PBXBuildFile; fileRef = D8EFD2541D0DC6A400C666CE /* MainMenu.sks */; };
		D8EFD2571D0DC76300C666CE /* MSButtonNode.swift in Sources */ = {isa = PBXBuildFile; fileRef = D8EFD2561D0DC76300C666CE /* MSButtonNode.swift */; };
		D8EFD2591D0DC9B200C666CE /* MainScene.swift in Sources */ = {isa = PBXBuildFile; fileRef = D8EFD2581D0DC9B200C666CE /* MainScene.swift */; };
		D8EFD2671D0DD0BB00C666CE /* CGFloat+Extensions.swift in Sources */ = {isa = PBXBuildFile; fileRef = D8EFD25B1D0DD0BB00C666CE /* CGFloat+Extensions.swift */; };
		D8EFD2681D0DD0BB00C666CE /* CGPoint+Extensions.swift in Sources */ = {isa = PBXBuildFile; fileRef = D8EFD25C1D0DD0BB00C666CE /* CGPoint+Extensions.swift */; };
		D8EFD2691D0DD0BB00C666CE /* CGVector+Extensions.swift in Sources */ = {isa = PBXBuildFile; fileRef = D8EFD25D1D0DD0BB00C666CE /* CGVector+Extensions.swift */; };
		D8EFD26A1D0DD0BB00C666CE /* Int+Extensions.swift in Sources */ = {isa = PBXBuildFile; fileRef = D8EFD25E1D0DD0BB00C666CE /* Int+Extensions.swift */; };
		D8EFD26B1D0DD0BB00C666CE /* SKAction+Extensions.swift in Sources */ = {isa = PBXBuildFile; fileRef = D8EFD25F1D0DD0BB00C666CE /* SKAction+Extensions.swift */; };
		D8EFD26C1D0DD0BB00C666CE /* SKAction+SpecialEffects.swift in Sources */ = {isa = PBXBuildFile; fileRef = D8EFD2601D0DD0BB00C666CE /* SKAction+SpecialEffects.swift */; };
		D8EFD26D1D0DD0BB00C666CE /* SKColor+Extensions.swift in Sources */ = {isa = PBXBuildFile; fileRef = D8EFD2611D0DD0BB00C666CE /* SKColor+Extensions.swift */; };
		D8EFD26E1D0DD0BB00C666CE /* SKNode+Extensions.swift in Sources */ = {isa = PBXBuildFile; fileRef = D8EFD2621D0DD0BB00C666CE /* SKNode+Extensions.swift */; };
		D8EFD26F1D0DD0BB00C666CE /* SKTAudio.swift in Sources */ = {isa = PBXBuildFile; fileRef = D8EFD2631D0DD0BB00C666CE /* SKTAudio.swift */; };
		D8EFD2701D0DD0BB00C666CE /* SKTEffects.swift in Sources */ = {isa = PBXBuildFile; fileRef = D8EFD2641D0DD0BB00C666CE /* SKTEffects.swift */; };
		D8EFD2711D0DD0BB00C666CE /* SKTTimingFunctions.swift in Sources */ = {isa = PBXBuildFile; fileRef = D8EFD2651D0DD0BB00C666CE /* SKTTimingFunctions.swift */; };
		D8EFD2721D0DD0BB00C666CE /* Vector3.swift in Sources */ = {isa = PBXBuildFile; fileRef = D8EFD2661D0DD0BB00C666CE /* Vector3.swift */; };
		D8EFD2761D0E333E00C666CE /* Level1.sks in Resources */ = {isa = PBXBuildFile; fileRef = D8EFD2751D0E333E00C666CE /* Level1.sks */; };
		D8F93EEA1D0F5D2A00920D5B /* SealExplosion.sks in Resources */ = {isa = PBXBuildFile; fileRef = D8F93EE81D0F5D2A00920D5B /* SealExplosion.sks */; };
		D8F93EEB1D0F5D2A00920D5B /* spark.png in Resources */ = {isa = PBXBuildFile; fileRef = D8F93EE91D0F5D2A00920D5B /* spark.png */; };
		D8F93EEE1D0F5E7200920D5B /* sfx_seal.caf in Resources */ = {isa = PBXBuildFile; fileRef = D8F93EED1D0F5E7200920D5B /* sfx_seal.caf */; };
		D8FC6DE41CCB53AD005596DE /* AppDelegate.swift in Sources */ = {isa = PBXBuildFile; fileRef = D8FC6DE31CCB53AD005596DE /* AppDelegate.swift */; };
		D8FC6DE61CCB53AD005596DE /* GameScene.sks in Resources */ = {isa = PBXBuildFile; fileRef = D8FC6DE51CCB53AD005596DE /* GameScene.sks */; };
		D8FC6DE81CCB53AD005596DE /* GameScene.swift in Sources */ = {isa = PBXBuildFile; fileRef = D8FC6DE71CCB53AD005596DE /* GameScene.swift */; };
		D8FC6DEA1CCB53AE005596DE /* GameViewController.swift in Sources */ = {isa = PBXBuildFile; fileRef = D8FC6DE91CCB53AE005596DE /* GameViewController.swift */; };
		D8FC6DED1CCB53AE005596DE /* Main.storyboard in Resources */ = {isa = PBXBuildFile; fileRef = D8FC6DEB1CCB53AE005596DE /* Main.storyboard */; };
		D8FC6DEF1CCB53AE005596DE /* Assets.xcassets in Resources */ = {isa = PBXBuildFile; fileRef = D8FC6DEE1CCB53AE005596DE /* Assets.xcassets */; };
		D8FC6DF21CCB53AE005596DE /* LaunchScreen.storyboard in Resources */ = {isa = PBXBuildFile; fileRef = D8FC6DF01CCB53AE005596DE /* LaunchScreen.storyboard */; };
		D8FC6DFD1CCB53AE005596DE /* PeevedPenguinsTests.swift in Sources */ = {isa = PBXBuildFile; fileRef = D8FC6DFC1CCB53AE005596DE /* PeevedPenguinsTests.swift */; };
		D8FC6E081CCB53AE005596DE /* PeevedPenguinsUITests.swift in Sources */ = {isa = PBXBuildFile; fileRef = D8FC6E071CCB53AE005596DE /* PeevedPenguinsUITests.swift */; };
		D8FC6E161CCB53EB005596DE /* assets.atlas in Resources */ = {isa = PBXBuildFile; fileRef = D8FC6E151CCB53EB005596DE /* assets.atlas */; };
/* End PBXBuildFile section */

/* Begin PBXContainerItemProxy section */
		D8FC6DF91CCB53AE005596DE /* PBXContainerItemProxy */ = {
			isa = PBXContainerItemProxy;
			containerPortal = D8FC6DD81CCB53AD005596DE /* Project object */;
			proxyType = 1;
			remoteGlobalIDString = D8FC6DDF1CCB53AD005596DE;
			remoteInfo = PeevedPenguins;
		};
		D8FC6E041CCB53AE005596DE /* PBXContainerItemProxy */ = {
			isa = PBXContainerItemProxy;
			containerPortal = D8FC6DD81CCB53AD005596DE /* Project object */;
			proxyType = 1;
			remoteGlobalIDString = D8FC6DDF1CCB53AD005596DE;
			remoteInfo = PeevedPenguins;
		};
/* End PBXContainerItemProxy section */

/* Begin PBXFileReference section */
		D8EA55721D21E9D7003979E3 /* Level2.sks */ = {isa = PBXFileReference; lastKnownFileType = file.sks; path = Level2.sks; sourceTree = "<group>"; };
		D8EFD2481D0D0E6800C666CE /* Bear.sks */ = {isa = PBXFileReference; lastKnownFileType = file.sks; path = Bear.sks; sourceTree = "<group>"; };
		D8EFD24A1D0D107500C666CE /* CharacterActions.sks */ = {isa = PBXFileReference; lastKnownFileType = file.sks; path = CharacterActions.sks; sourceTree = "<group>"; };
		D8EFD24C1D0DBC1400C666CE /* Penguin.sks */ = {isa = PBXFileReference; lastKnownFileType = file.sks; path = Penguin.sks; sourceTree = "<group>"; };
		D8EFD2501D0DBEC800C666CE /* MSReferenceNode.swift */ = {isa = PBXFileReference; fileEncoding = 4; lastKnownFileType = sourcecode.swift; path = MSReferenceNode.swift; sourceTree = "<group>"; };
		D8EFD2521D0DBF3000C666CE /* Seal.sks */ = {isa = PBXFileReference; lastKnownFileType = file.sks; path = Seal.sks; sourceTree = "<group>"; };
		D8EFD2541D0DC6A400C666CE /* MainMenu.sks */ = {isa = PBXFileReference; lastKnownFileType = file.sks; path = MainMenu.sks; sourceTree = "<group>"; };
		D8EFD2561D0DC76300C666CE /* MSButtonNode.swift */ = {isa = PBXFileReference; fileEncoding = 4; lastKnownFileType = sourcecode.swift; path = MSButtonNode.swift; sourceTree = "<group>"; };
		D8EFD2581D0DC9B200C666CE /* MainScene.swift */ = {isa = PBXFileReference; fileEncoding = 4; lastKnownFileType = sourcecode.swift; path = MainScene.swift; sourceTree = "<group>"; };
		D8EFD25B1D0DD0BB00C666CE /* CGFloat+Extensions.swift */ = {isa = PBXFileReference; fileEncoding = 4; lastKnownFileType = sourcecode.swift; path = "CGFloat+Extensions.swift"; sourceTree = "<group>"; };
		D8EFD25C1D0DD0BB00C666CE /* CGPoint+Extensions.swift */ = {isa = PBXFileReference; fileEncoding = 4; lastKnownFileType = sourcecode.swift; path = "CGPoint+Extensions.swift"; sourceTree = "<group>"; };
		D8EFD25D1D0DD0BB00C666CE /* CGVector+Extensions.swift */ = {isa = PBXFileReference; fileEncoding = 4; lastKnownFileType = sourcecode.swift; path = "CGVector+Extensions.swift"; sourceTree = "<group>"; };
		D8EFD25E1D0DD0BB00C666CE /* Int+Extensions.swift */ = {isa = PBXFileReference; fileEncoding = 4; lastKnownFileType = sourcecode.swift; path = "Int+Extensions.swift"; sourceTree = "<group>"; };
		D8EFD25F1D0DD0BB00C666CE /* SKAction+Extensions.swift */ = {isa = PBXFileReference; fileEncoding = 4; lastKnownFileType = sourcecode.swift; path = "SKAction+Extensions.swift"; sourceTree = "<group>"; };
		D8EFD2601D0DD0BB00C666CE /* SKAction+SpecialEffects.swift */ = {isa = PBXFileReference; fileEncoding = 4; lastKnownFileType = sourcecode.swift; path = "SKAction+SpecialEffects.swift"; sourceTree = "<group>"; };
		D8EFD2611D0DD0BB00C666CE /* SKColor+Extensions.swift */ = {isa = PBXFileReference; fileEncoding = 4; lastKnownFileType = sourcecode.swift; path = "SKColor+Extensions.swift"; sourceTree = "<group>"; };
		D8EFD2621D0DD0BB00C666CE /* SKNode+Extensions.swift */ = {isa = PBXFileReference; fileEncoding = 4; lastKnownFileType = sourcecode.swift; path = "SKNode+Extensions.swift"; sourceTree = "<group>"; };
		D8EFD2631D0DD0BB00C666CE /* SKTAudio.swift */ = {isa = PBXFileReference; fileEncoding = 4; lastKnownFileType = sourcecode.swift; path = SKTAudio.swift; sourceTree = "<group>"; };
		D8EFD2641D0DD0BB00C666CE /* SKTEffects.swift */ = {isa = PBXFileReference; fileEncoding = 4; lastKnownFileType = sourcecode.swift; path = SKTEffects.swift; sourceTree = "<group>"; };
		D8EFD2651D0DD0BB00C666CE /* SKTTimingFunctions.swift */ = {isa = PBXFileReference; fileEncoding = 4; lastKnownFileType = sourcecode.swift; path = SKTTimingFunctions.swift; sourceTree = "<group>"; };
		D8EFD2661D0DD0BB00C666CE /* Vector3.swift */ = {isa = PBXFileReference; fileEncoding = 4; lastKnownFileType = sourcecode.swift; path = Vector3.swift; sourceTree = "<group>"; };
		D8EFD2751D0E333E00C666CE /* Level1.sks */ = {isa = PBXFileReference; lastKnownFileType = file.sks; path = Level1.sks; sourceTree = "<group>"; };
		D8F93EE81D0F5D2A00920D5B /* SealExplosion.sks */ = {isa = PBXFileReference; lastKnownFileType = file.sks; name = SealExplosion.sks; path = PeevedPenguins/SealExplosion.sks; sourceTree = "<group>"; };
		D8F93EE91D0F5D2A00920D5B /* spark.png */ = {isa = PBXFileReference; lastKnownFileType = image.png; name = spark.png; path = PeevedPenguins/spark.png; sourceTree = "<group>"; };
		D8F93EED1D0F5E7200920D5B /* sfx_seal.caf */ = {isa = PBXFileReference; lastKnownFileType = file; path = sfx_seal.caf; sourceTree = "<group>"; };
		D8FC6DE01CCB53AD005596DE /* PeevedPenguins.app */ = {isa = PBXFileReference; explicitFileType = wrapper.application; includeInIndex = 0; path = PeevedPenguins.app; sourceTree = BUILT_PRODUCTS_DIR; };
		D8FC6DE31CCB53AD005596DE /* AppDelegate.swift */ = {isa = PBXFileReference; lastKnownFileType = sourcecode.swift; path = AppDelegate.swift; sourceTree = "<group>"; };
		D8FC6DE51CCB53AD005596DE /* GameScene.sks */ = {isa = PBXFileReference; lastKnownFileType = file.sks; name = GameScene.sks; path = PeevedPenguins/GameScene.sks; sourceTree = "<group>"; };
		D8FC6DE71CCB53AD005596DE /* GameScene.swift */ = {isa = PBXFileReference; lastKnownFileType = sourcecode.swift; path = GameScene.swift; sourceTree = "<group>"; };
		D8FC6DE91CCB53AE005596DE /* GameViewController.swift */ = {isa = PBXFileReference; lastKnownFileType = sourcecode.swift; path = GameViewController.swift; sourceTree = "<group>"; };
		D8FC6DEC1CCB53AE005596DE /* Base */ = {isa = PBXFileReference; lastKnownFileType = file.storyboard; name = Base; path = Base.lproj/Main.storyboard; sourceTree = "<group>"; };
		D8FC6DEE1CCB53AE005596DE /* Assets.xcassets */ = {isa = PBXFileReference; lastKnownFileType = folder.assetcatalog; path = Assets.xcassets; sourceTree = "<group>"; };
		D8FC6DF11CCB53AE005596DE /* Base */ = {isa = PBXFileReference; lastKnownFileType = file.storyboard; name = Base; path = Base.lproj/LaunchScreen.storyboard; sourceTree = "<group>"; };
		D8FC6DF31CCB53AE005596DE /* Info.plist */ = {isa = PBXFileReference; lastKnownFileType = text.plist.xml; path = Info.plist; sourceTree = "<group>"; };
		D8FC6DF81CCB53AE005596DE /* PeevedPenguinsTests.xctest */ = {isa = PBXFileReference; explicitFileType = wrapper.cfbundle; includeInIndex = 0; path = PeevedPenguinsTests.xctest; sourceTree = BUILT_PRODUCTS_DIR; };
		D8FC6DFC1CCB53AE005596DE /* PeevedPenguinsTests.swift */ = {isa = PBXFileReference; lastKnownFileType = sourcecode.swift; path = PeevedPenguinsTests.swift; sourceTree = "<group>"; };
		D8FC6DFE1CCB53AE005596DE /* Info.plist */ = {isa = PBXFileReference; lastKnownFileType = text.plist.xml; path = Info.plist; sourceTree = "<group>"; };
		D8FC6E031CCB53AE005596DE /* PeevedPenguinsUITests.xctest */ = {isa = PBXFileReference; explicitFileType = wrapper.cfbundle; includeInIndex = 0; path = PeevedPenguinsUITests.xctest; sourceTree = BUILT_PRODUCTS_DIR; };
		D8FC6E071CCB53AE005596DE /* PeevedPenguinsUITests.swift */ = {isa = PBXFileReference; lastKnownFileType = sourcecode.swift; path = PeevedPenguinsUITests.swift; sourceTree = "<group>"; };
		D8FC6E091CCB53AE005596DE /* Info.plist */ = {isa = PBXFileReference; lastKnownFileType = text.plist.xml; path = Info.plist; sourceTree = "<group>"; };
		D8FC6E151CCB53EB005596DE /* assets.atlas */ = {isa = PBXFileReference; lastKnownFileType = folder.skatlas; name = assets.atlas; path = ../assets.atlas; sourceTree = "<group>"; };
/* End PBXFileReference section */

/* Begin PBXFrameworksBuildPhase section */
		D8FC6DDD1CCB53AD005596DE /* Frameworks */ = {
			isa = PBXFrameworksBuildPhase;
			buildActionMask = 2147483647;
			files = (
			);
			runOnlyForDeploymentPostprocessing = 0;
		};
		D8FC6DF51CCB53AE005596DE /* Frameworks */ = {
			isa = PBXFrameworksBuildPhase;
			buildActionMask = 2147483647;
			files = (
			);
			runOnlyForDeploymentPostprocessing = 0;
		};
		D8FC6E001CCB53AE005596DE /* Frameworks */ = {
			isa = PBXFrameworksBuildPhase;
			buildActionMask = 2147483647;
			files = (
			);
			runOnlyForDeploymentPostprocessing = 0;
		};
/* End PBXFrameworksBuildPhase section */

/* Begin PBXGroup section */
		D8EFD25A1D0DD0BB00C666CE /* SKTUtils */ = {
			isa = PBXGroup;
			children = (
				D8EFD25B1D0DD0BB00C666CE /* CGFloat+Extensions.swift */,
				D8EFD25C1D0DD0BB00C666CE /* CGPoint+Extensions.swift */,
				D8EFD25D1D0DD0BB00C666CE /* CGVector+Extensions.swift */,
				D8EFD25E1D0DD0BB00C666CE /* Int+Extensions.swift */,
				D8EFD25F1D0DD0BB00C666CE /* SKAction+Extensions.swift */,
				D8EFD2601D0DD0BB00C666CE /* SKAction+SpecialEffects.swift */,
				D8EFD2611D0DD0BB00C666CE /* SKColor+Extensions.swift */,
				D8EFD2621D0DD0BB00C666CE /* SKNode+Extensions.swift */,
				D8EFD2631D0DD0BB00C666CE /* SKTAudio.swift */,
				D8EFD2641D0DD0BB00C666CE /* SKTEffects.swift */,
				D8EFD2651D0DD0BB00C666CE /* SKTTimingFunctions.swift */,
				D8EFD2661D0DD0BB00C666CE /* Vector3.swift */,
			);
			path = SKTUtils;
			sourceTree = "<group>";
		};
		D8EFD2731D0E331000C666CE /* Levels */ = {
			isa = PBXGroup;
			children = (
				D8EFD2751D0E333E00C666CE /* Level1.sks */,
				D8EA55721D21E9D7003979E3 /* Level2.sks */,
			);
			name = Levels;
			sourceTree = "<group>";
		};
		D8EFD2741D0E331F00C666CE /* Scenes */ = {
			isa = PBXGroup;
			children = (
				D8EFD24A1D0D107500C666CE /* CharacterActions.sks */,
				D8EFD2481D0D0E6800C666CE /* Bear.sks */,
				D8EFD24C1D0DBC1400C666CE /* Penguin.sks */,
				D8EFD2521D0DBF3000C666CE /* Seal.sks */,
				D8EFD2541D0DC6A400C666CE /* MainMenu.sks */,
				D8FC6DE51CCB53AD005596DE /* GameScene.sks */,
				D8F93EEC1D0F5DD900920D5B /* Particles */,
				D8EFD2731D0E331000C666CE /* Levels */,
			);
			name = Scenes;
			sourceTree = "<group>";
		};
		D8F93EEC1D0F5DD900920D5B /* Particles */ = {
			isa = PBXGroup;
			children = (
				D8F93EE81D0F5D2A00920D5B /* SealExplosion.sks */,
				D8F93EE91D0F5D2A00920D5B /* spark.png */,
			);
			name = Particles;
			sourceTree = "<group>";
		};
		D8FC6DD71CCB53AD005596DE = {
			isa = PBXGroup;
			children = (
				D8EFD2741D0E331F00C666CE /* Scenes */,
				D8FC6DE21CCB53AD005596DE /* PeevedPenguins */,
				D8FC6DFB1CCB53AE005596DE /* PeevedPenguinsTests */,
				D8FC6E061CCB53AE005596DE /* PeevedPenguinsUITests */,
				D8FC6DE11CCB53AD005596DE /* Products */,
			);
			sourceTree = "<group>";
		};
		D8FC6DE11CCB53AD005596DE /* Products */ = {
			isa = PBXGroup;
			children = (
				D8FC6DE01CCB53AD005596DE /* PeevedPenguins.app */,
				D8FC6DF81CCB53AE005596DE /* PeevedPenguinsTests.xctest */,
				D8FC6E031CCB53AE005596DE /* PeevedPenguinsUITests.xctest */,
			);
			name = Products;
			sourceTree = "<group>";
		};
		D8FC6DE21CCB53AD005596DE /* PeevedPenguins */ = {
			isa = PBXGroup;
			children = (
				D8EFD25A1D0DD0BB00C666CE /* SKTUtils */,
				D8FC6DE31CCB53AD005596DE /* AppDelegate.swift */,
				D8EFD2561D0DC76300C666CE /* MSButtonNode.swift */,
				D8EFD2501D0DBEC800C666CE /* MSReferenceNode.swift */,
				D8FC6DE71CCB53AD005596DE /* GameScene.swift */,
				D8FC6DE91CCB53AE005596DE /* GameViewController.swift */,
				D8EFD2581D0DC9B200C666CE /* MainScene.swift */,
				D8FC6DEB1CCB53AE005596DE /* Main.storyboard */,
				D8F93EED1D0F5E7200920D5B /* sfx_seal.caf */,
				D8FC6DEE1CCB53AE005596DE /* Assets.xcassets */,
				D8FC6E151CCB53EB005596DE /* assets.atlas */,
				D8FC6DF01CCB53AE005596DE /* LaunchScreen.storyboard */,
				D8FC6DF31CCB53AE005596DE /* Info.plist */,
			);
			path = PeevedPenguins;
			sourceTree = "<group>";
		};
		D8FC6DFB1CCB53AE005596DE /* PeevedPenguinsTests */ = {
			isa = PBXGroup;
			children = (
				D8FC6DFC1CCB53AE005596DE /* PeevedPenguinsTests.swift */,
				D8FC6DFE1CCB53AE005596DE /* Info.plist */,
			);
			path = PeevedPenguinsTests;
			sourceTree = "<group>";
		};
		D8FC6E061CCB53AE005596DE /* PeevedPenguinsUITests */ = {
			isa = PBXGroup;
			children = (
				D8FC6E071CCB53AE005596DE /* PeevedPenguinsUITests.swift */,
				D8FC6E091CCB53AE005596DE /* Info.plist */,
			);
			path = PeevedPenguinsUITests;
			sourceTree = "<group>";
		};
/* End PBXGroup section */

/* Begin PBXNativeTarget section */
		D8FC6DDF1CCB53AD005596DE /* PeevedPenguins */ = {
			isa = PBXNativeTarget;
			buildConfigurationList = D8FC6E0C1CCB53AE005596DE /* Build configuration list for PBXNativeTarget "PeevedPenguins" */;
			buildPhases = (
				D8FC6DDC1CCB53AD005596DE /* Sources */,
				D8FC6DDD1CCB53AD005596DE /* Frameworks */,
				D8FC6DDE1CCB53AD005596DE /* Resources */,
			);
			buildRules = (
			);
			dependencies = (
			);
			name = PeevedPenguins;
			productName = PeevedPenguins;
			productReference = D8FC6DE01CCB53AD005596DE /* PeevedPenguins.app */;
			productType = "com.apple.product-type.application";
		};
		D8FC6DF71CCB53AE005596DE /* PeevedPenguinsTests */ = {
			isa = PBXNativeTarget;
			buildConfigurationList = D8FC6E0F1CCB53AE005596DE /* Build configuration list for PBXNativeTarget "PeevedPenguinsTests" */;
			buildPhases = (
				D8FC6DF41CCB53AE005596DE /* Sources */,
				D8FC6DF51CCB53AE005596DE /* Frameworks */,
				D8FC6DF61CCB53AE005596DE /* Resources */,
			);
			buildRules = (
			);
			dependencies = (
				D8FC6DFA1CCB53AE005596DE /* PBXTargetDependency */,
			);
			name = PeevedPenguinsTests;
			productName = PeevedPenguinsTests;
			productReference = D8FC6DF81CCB53AE005596DE /* PeevedPenguinsTests.xctest */;
			productType = "com.apple.product-type.bundle.unit-test";
		};
		D8FC6E021CCB53AE005596DE /* PeevedPenguinsUITests */ = {
			isa = PBXNativeTarget;
			buildConfigurationList = D8FC6E121CCB53AE005596DE /* Build configuration list for PBXNativeTarget "PeevedPenguinsUITests" */;
			buildPhases = (
				D8FC6DFF1CCB53AE005596DE /* Sources */,
				D8FC6E001CCB53AE005596DE /* Frameworks */,
				D8FC6E011CCB53AE005596DE /* Resources */,
			);
			buildRules = (
			);
			dependencies = (
				D8FC6E051CCB53AE005596DE /* PBXTargetDependency */,
			);
			name = PeevedPenguinsUITests;
			productName = PeevedPenguinsUITests;
			productReference = D8FC6E031CCB53AE005596DE /* PeevedPenguinsUITests.xctest */;
			productType = "com.apple.product-type.bundle.ui-testing";
		};
/* End PBXNativeTarget section */

/* Begin PBXProject section */
		D8FC6DD81CCB53AD005596DE /* Project object */ = {
			isa = PBXProject;
			attributes = {
				LastSwiftUpdateCheck = 0730;
				LastUpgradeCheck = 0730;
				ORGANIZATIONNAME = "mitchell hudson";
				TargetAttributes = {
					D8FC6DDF1CCB53AD005596DE = {
						CreatedOnToolsVersion = 7.3;
					};
					D8FC6DF71CCB53AE005596DE = {
						CreatedOnToolsVersion = 7.3;
						TestTargetID = D8FC6DDF1CCB53AD005596DE;
					};
					D8FC6E021CCB53AE005596DE = {
						CreatedOnToolsVersion = 7.3;
						TestTargetID = D8FC6DDF1CCB53AD005596DE;
					};
				};
			};
			buildConfigurationList = D8FC6DDB1CCB53AD005596DE /* Build configuration list for PBXProject "PeevedPenguins" */;
			compatibilityVersion = "Xcode 3.2";
			developmentRegion = English;
			hasScannedForEncodings = 0;
			knownRegions = (
				en,
				Base,
			);
			mainGroup = D8FC6DD71CCB53AD005596DE;
			productRefGroup = D8FC6DE11CCB53AD005596DE /* Products */;
			projectDirPath = "";
			projectRoot = "";
			targets = (
				D8FC6DDF1CCB53AD005596DE /* PeevedPenguins */,
				D8FC6DF71CCB53AE005596DE /* PeevedPenguinsTests */,
				D8FC6E021CCB53AE005596DE /* PeevedPenguinsUITests */,
			);
		};
/* End PBXProject section */

/* Begin PBXResourcesBuildPhase section */
		D8FC6DDE1CCB53AD005596DE /* Resources */ = {
			isa = PBXResourcesBuildPhase;
			buildActionMask = 2147483647;
			files = (
				D8EFD2531D0DBF3000C666CE /* Seal.sks in Resources */,
				D8EFD24D1D0DBC1400C666CE /* Penguin.sks in Resources */,
				D8F93EEA1D0F5D2A00920D5B /* SealExplosion.sks in Resources */,
				D8FC6DE61CCB53AD005596DE /* GameScene.sks in Resources */,
				D8EA55731D21E9D7003979E3 /* Level2.sks in Resources */,
				D8EFD2551D0DC6A500C666CE /* MainMenu.sks in Resources */,
				D8F93EEB1D0F5D2A00920D5B /* spark.png in Resources */,
				D8FC6DF21CCB53AE005596DE /* LaunchScreen.storyboard in Resources */,
				D8FC6DEF1CCB53AE005596DE /* Assets.xcassets in Resources */,
				D8EFD2491D0D0E6800C666CE /* Bear.sks in Resources */,
				D8F93EEE1D0F5E7200920D5B /* sfx_seal.caf in Resources */,
				D8FC6E161CCB53EB005596DE /* assets.atlas in Resources */,
				D8FC6DED1CCB53AE005596DE /* Main.storyboard in Resources */,
				D8EFD2761D0E333E00C666CE /* Level1.sks in Resources */,
				D8EFD24B1D0D107500C666CE /* CharacterActions.sks in Resources */,
			);
			runOnlyForDeploymentPostprocessing = 0;
		};
		D8FC6DF61CCB53AE005596DE /* Resources */ = {
			isa = PBXResourcesBuildPhase;
			buildActionMask = 2147483647;
			files = (
			);
			runOnlyForDeploymentPostprocessing = 0;
		};
		D8FC6E011CCB53AE005596DE /* Resources */ = {
			isa = PBXResourcesBuildPhase;
			buildActionMask = 2147483647;
			files = (
			);
			runOnlyForDeploymentPostprocessing = 0;
		};
/* End PBXResourcesBuildPhase section */

/* Begin PBXSourcesBuildPhase section */
		D8FC6DDC1CCB53AD005596DE /* Sources */ = {
			isa = PBXSourcesBuildPhase;
			buildActionMask = 2147483647;
			files = (
				D8FC6DE81CCB53AD005596DE /* GameScene.swift in Sources */,
				D8EFD2711D0DD0BB00C666CE /* SKTTimingFunctions.swift in Sources */,
				D8EFD2511D0DBEC800C666CE /* MSReferenceNode.swift in Sources */,
				D8EFD2691D0DD0BB00C666CE /* CGVector+Extensions.swift in Sources */,
				D8EFD2681D0DD0BB00C666CE /* CGPoint+Extensions.swift in Sources */,
				D8EFD2671D0DD0BB00C666CE /* CGFloat+Extensions.swift in Sources */,
				D8FC6DEA1CCB53AE005596DE /* GameViewController.swift in Sources */,
				D8EFD26F1D0DD0BB00C666CE /* SKTAudio.swift in Sources */,
				D8EFD2591D0DC9B200C666CE /* MainScene.swift in Sources */,
				D8EFD26E1D0DD0BB00C666CE /* SKNode+Extensions.swift in Sources */,
				D8EFD26B1D0DD0BB00C666CE /* SKAction+Extensions.swift in Sources */,
				D8EFD26C1D0DD0BB00C666CE /* SKAction+SpecialEffects.swift in Sources */,
				D8FC6DE41CCB53AD005596DE /* AppDelegate.swift in Sources */,
				D8EFD2571D0DC76300C666CE /* MSButtonNode.swift in Sources */,
				D8EFD2701D0DD0BB00C666CE /* SKTEffects.swift in Sources */,
				D8EFD26A1D0DD0BB00C666CE /* Int+Extensions.swift in Sources */,
				D8EFD2721D0DD0BB00C666CE /* Vector3.swift in Sources */,
				D8EFD26D1D0DD0BB00C666CE /* SKColor+Extensions.swift in Sources */,
			);
			runOnlyForDeploymentPostprocessing = 0;
		};
		D8FC6DF41CCB53AE005596DE /* Sources */ = {
			isa = PBXSourcesBuildPhase;
			buildActionMask = 2147483647;
			files = (
				D8FC6DFD1CCB53AE005596DE /* PeevedPenguinsTests.swift in Sources */,
			);
			runOnlyForDeploymentPostprocessing = 0;
		};
		D8FC6DFF1CCB53AE005596DE /* Sources */ = {
			isa = PBXSourcesBuildPhase;
			buildActionMask = 2147483647;
			files = (
				D8FC6E081CCB53AE005596DE /* PeevedPenguinsUITests.swift in Sources */,
			);
			runOnlyForDeploymentPostprocessing = 0;
		};
/* End PBXSourcesBuildPhase section */

/* Begin PBXTargetDependency section */
		D8FC6DFA1CCB53AE005596DE /* PBXTargetDependency */ = {
			isa = PBXTargetDependency;
			target = D8FC6DDF1CCB53AD005596DE /* PeevedPenguins */;
			targetProxy = D8FC6DF91CCB53AE005596DE /* PBXContainerItemProxy */;
		};
		D8FC6E051CCB53AE005596DE /* PBXTargetDependency */ = {
			isa = PBXTargetDependency;
			target = D8FC6DDF1CCB53AD005596DE /* PeevedPenguins */;
			targetProxy = D8FC6E041CCB53AE005596DE /* PBXContainerItemProxy */;
		};
/* End PBXTargetDependency section */

/* Begin PBXVariantGroup section */
		D8FC6DEB1CCB53AE005596DE /* Main.storyboard */ = {
			isa = PBXVariantGroup;
			children = (
				D8FC6DEC1CCB53AE005596DE /* Base */,
			);
			name = Main.storyboard;
			sourceTree = "<group>";
		};
		D8FC6DF01CCB53AE005596DE /* LaunchScreen.storyboard */ = {
			isa = PBXVariantGroup;
			children = (
				D8FC6DF11CCB53AE005596DE /* Base */,
			);
			name = LaunchScreen.storyboard;
			sourceTree = "<group>";
		};
/* End PBXVariantGroup section */

/* Begin XCBuildConfiguration section */
		D8FC6E0A1CCB53AE005596DE /* Debug */ = {
			isa = XCBuildConfiguration;
			buildSettings = {
				ALWAYS_SEARCH_USER_PATHS = NO;
				CLANG_ANALYZER_NONNULL = YES;
				CLANG_CXX_LANGUAGE_STANDARD = "gnu++0x";
				CLANG_CXX_LIBRARY = "libc++";
				CLANG_ENABLE_MODULES = YES;
				CLANG_ENABLE_OBJC_ARC = YES;
				CLANG_WARN_BOOL_CONVERSION = YES;
				CLANG_WARN_CONSTANT_CONVERSION = YES;
				CLANG_WARN_DIRECT_OBJC_ISA_USAGE = YES_ERROR;
				CLANG_WARN_EMPTY_BODY = YES;
				CLANG_WARN_ENUM_CONVERSION = YES;
				CLANG_WARN_INT_CONVERSION = YES;
				CLANG_WARN_OBJC_ROOT_CLASS = YES_ERROR;
				CLANG_WARN_UNREACHABLE_CODE = YES;
				CLANG_WARN__DUPLICATE_METHOD_MATCH = YES;
				"CODE_SIGN_IDENTITY[sdk=iphoneos*]" = "iPhone Developer";
				COPY_PHASE_STRIP = NO;
				DEBUG_INFORMATION_FORMAT = "dwarf-with-dsym";
				ENABLE_STRICT_OBJC_MSGSEND = YES;
				ENABLE_TESTABILITY = YES;
				GCC_C_LANGUAGE_STANDARD = gnu99;
				GCC_DYNAMIC_NO_PIC = NO;
				GCC_NO_COMMON_BLOCKS = YES;
				GCC_OPTIMIZATION_LEVEL = 0;
				GCC_PREPROCESSOR_DEFINITIONS = (
					"DEBUG=1",
					"$(inherited)",
				);
				GCC_WARN_64_TO_32_BIT_CONVERSION = YES;
				GCC_WARN_ABOUT_RETURN_TYPE = YES_ERROR;
				GCC_WARN_UNDECLARED_SELECTOR = YES;
				GCC_WARN_UNINITIALIZED_AUTOS = YES_AGGRESSIVE;
				GCC_WARN_UNUSED_FUNCTION = YES;
				GCC_WARN_UNUSED_VARIABLE = YES;
				IPHONEOS_DEPLOYMENT_TARGET = 9.3;
				MTL_ENABLE_DEBUG_INFO = YES;
				ONLY_ACTIVE_ARCH = YES;
				SDKROOT = iphoneos;
				SWIFT_OPTIMIZATION_LEVEL = "-Onone";
				TARGETED_DEVICE_FAMILY = "1,2";
			};
			name = Debug;
		};
		D8FC6E0B1CCB53AE005596DE /* Release */ = {
			isa = XCBuildConfiguration;
			buildSettings = {
				ALWAYS_SEARCH_USER_PATHS = NO;
				CLANG_ANALYZER_NONNULL = YES;
				CLANG_CXX_LANGUAGE_STANDARD = "gnu++0x";
				CLANG_CXX_LIBRARY = "libc++";
				CLANG_ENABLE_MODULES = YES;
				CLANG_ENABLE_OBJC_ARC = YES;
				CLANG_WARN_BOOL_CONVERSION = YES;
				CLANG_WARN_CONSTANT_CONVERSION = YES;
				CLANG_WARN_DIRECT_OBJC_ISA_USAGE = YES_ERROR;
				CLANG_WARN_EMPTY_BODY = YES;
				CLANG_WARN_ENUM_CONVERSION = YES;
				CLANG_WARN_INT_CONVERSION = YES;
				CLANG_WARN_OBJC_ROOT_CLASS = YES_ERROR;
				CLANG_WARN_UNREACHABLE_CODE = YES;
				CLANG_WARN__DUPLICATE_METHOD_MATCH = YES;
				"CODE_SIGN_IDENTITY[sdk=iphoneos*]" = "iPhone Developer";
				COPY_PHASE_STRIP = NO;
				DEBUG_INFORMATION_FORMAT = "dwarf-with-dsym";
				ENABLE_NS_ASSERTIONS = NO;
				ENABLE_STRICT_OBJC_MSGSEND = YES;
				GCC_C_LANGUAGE_STANDARD = gnu99;
				GCC_NO_COMMON_BLOCKS = YES;
				GCC_WARN_64_TO_32_BIT_CONVERSION = YES;
				GCC_WARN_ABOUT_RETURN_TYPE = YES_ERROR;
				GCC_WARN_UNDECLARED_SELECTOR = YES;
				GCC_WARN_UNINITIALIZED_AUTOS = YES_AGGRESSIVE;
				GCC_WARN_UNUSED_FUNCTION = YES;
				GCC_WARN_UNUSED_VARIABLE = YES;
				IPHONEOS_DEPLOYMENT_TARGET = 9.3;
				MTL_ENABLE_DEBUG_INFO = NO;
				SDKROOT = iphoneos;
				TARGETED_DEVICE_FAMILY = "1,2";
				VALIDATE_PRODUCT = YES;
			};
			name = Release;
		};
		D8FC6E0D1CCB53AE005596DE /* Debug */ = {
			isa = XCBuildConfiguration;
			buildSettings = {
				ASSETCATALOG_COMPILER_APPICON_NAME = AppIcon;
				INFOPLIST_FILE = PeevedPenguins/Info.plist;
				LD_RUNPATH_SEARCH_PATHS = "$(inherited) @executable_path/Frameworks";
				PRODUCT_BUNDLE_IDENTIFIER = com.webdevils.PeevedPenguins;
				PRODUCT_NAME = "$(TARGET_NAME)";
			};
			name = Debug;
		};
		D8FC6E0E1CCB53AE005596DE /* Release */ = {
			isa = XCBuildConfiguration;
			buildSettings = {
				ASSETCATALOG_COMPILER_APPICON_NAME = AppIcon;
				INFOPLIST_FILE = PeevedPenguins/Info.plist;
				LD_RUNPATH_SEARCH_PATHS = "$(inherited) @executable_path/Frameworks";
				PRODUCT_BUNDLE_IDENTIFIER = com.webdevils.PeevedPenguins;
				PRODUCT_NAME = "$(TARGET_NAME)";
			};
			name = Release;
		};
		D8FC6E101CCB53AE005596DE /* Debug */ = {
			isa = XCBuildConfiguration;
			buildSettings = {
				BUNDLE_LOADER = "$(TEST_HOST)";
				DEBUG_INFORMATION_FORMAT = dwarf;
				INFOPLIST_FILE = PeevedPenguinsTests/Info.plist;
				LD_RUNPATH_SEARCH_PATHS = "$(inherited) @executable_path/Frameworks @loader_path/Frameworks";
				PRODUCT_BUNDLE_IDENTIFIER = com.webdevils.PeevedPenguinsTests;
				PRODUCT_NAME = "$(TARGET_NAME)";
				TEST_HOST = "$(BUILT_PRODUCTS_DIR)/PeevedPenguins.app/PeevedPenguins";
			};
			name = Debug;
		};
		D8FC6E111CCB53AE005596DE /* Release */ = {
			isa = XCBuildConfiguration;
			buildSettings = {
				BUNDLE_LOADER = "$(TEST_HOST)";
				INFOPLIST_FILE = PeevedPenguinsTests/Info.plist;
				LD_RUNPATH_SEARCH_PATHS = "$(inherited) @executable_path/Frameworks @loader_path/Frameworks";
				PRODUCT_BUNDLE_IDENTIFIER = com.webdevils.PeevedPenguinsTests;
				PRODUCT_NAME = "$(TARGET_NAME)";
				TEST_HOST = "$(BUILT_PRODUCTS_DIR)/PeevedPenguins.app/PeevedPenguins";
			};
			name = Release;
		};
		D8FC6E131CCB53AE005596DE /* Debug */ = {
			isa = XCBuildConfiguration;
			buildSettings = {
				DEBUG_INFORMATION_FORMAT = dwarf;
				INFOPLIST_FILE = PeevedPenguinsUITests/Info.plist;
				LD_RUNPATH_SEARCH_PATHS = "$(inherited) @executable_path/Frameworks @loader_path/Frameworks";
				PRODUCT_BUNDLE_IDENTIFIER = com.webdevils.PeevedPenguinsUITests;
				PRODUCT_NAME = "$(TARGET_NAME)";
				TEST_TARGET_NAME = PeevedPenguins;
			};
			name = Debug;
		};
		D8FC6E141CCB53AE005596DE /* Release */ = {
			isa = XCBuildConfiguration;
			buildSettings = {
				INFOPLIST_FILE = PeevedPenguinsUITests/Info.plist;
				LD_RUNPATH_SEARCH_PATHS = "$(inherited) @executable_path/Frameworks @loader_path/Frameworks";
				PRODUCT_BUNDLE_IDENTIFIER = com.webdevils.PeevedPenguinsUITests;
				PRODUCT_NAME = "$(TARGET_NAME)";
				TEST_TARGET_NAME = PeevedPenguins;
			};
			name = Release;
		};
/* End XCBuildConfiguration section */

/* Begin XCConfigurationList section */
		D8FC6DDB1CCB53AD005596DE /* Build configuration list for PBXProject "PeevedPenguins" */ = {
			isa = XCConfigurationList;
			buildConfigurations = (
				D8FC6E0A1CCB53AE005596DE /* Debug */,
				D8FC6E0B1CCB53AE005596DE /* Release */,
			);
			defaultConfigurationIsVisible = 0;
			defaultConfigurationName = Release;
		};
		D8FC6E0C1CCB53AE005596DE /* Build configuration list for PBXNativeTarget "PeevedPenguins" */ = {
			isa = XCConfigurationList;
			buildConfigurations = (
				D8FC6E0D1CCB53AE005596DE /* Debug */,
				D8FC6E0E1CCB53AE005596DE /* Release */,
			);
			defaultConfigurationIsVisible = 0;
			defaultConfigurationName = Release;
		};
		D8FC6E0F1CCB53AE005596DE /* Build configuration list for PBXNativeTarget "PeevedPenguinsTests" */ = {
			isa = XCConfigurationList;
			buildConfigurations = (
				D8FC6E101CCB53AE005596DE /* Debug */,
				D8FC6E111CCB53AE005596DE /* Release */,
			);
			defaultConfigurationIsVisible = 0;
			defaultConfigurationName = Release;
		};
		D8FC6E121CCB53AE005596DE /* Build configuration list for PBXNativeTarget "PeevedPenguinsUITests" */ = {
			isa = XCConfigurationList;
			buildConfigurations = (
				D8FC6E131CCB53AE005596DE /* Debug */,
				D8FC6E141CCB53AE005596DE /* Release */,
			);
			defaultConfigurationIsVisible = 0;
			defaultConfigurationName = Release;
		};
/* End XCConfigurationList section */
	};
	rootObject = D8FC6DD81CCB53AD005596DE /* Project object */;
}
